PODS:
  - FMDB (2.7.2):
    - FMDB/standard (= 2.7.2)
  - FMDB/standard (2.7.2)
  - SlideMenuControllerSwift (4.0.0)
  - SVProgressHUD (2.2.5)

DEPENDENCIES:
  - FMDB
  - SlideMenuControllerSwift
  - SVProgressHUD

SPEC REPOS:
  https://github.com/cocoapods/specs.git:
    - FMDB
    - SlideMenuControllerSwift
    - SVProgressHUD

SPEC CHECKSUMS:
  FMDB: 6198a90e7b6900cfc046e6bc0ef6ebb7be9236aa
  SlideMenuControllerSwift: 021d6318201c53d4d4d3710517d43d6c556c7dd0
  SVProgressHUD: 1428aafac632c1f86f62aa4243ec12008d7a51d6

PODFILE CHECKSUM: 435bf351f7b0265d4d6c9c5d10b3554d4c07c3e3

COCOAPODS: 1.5.3
