// !$*UTF8*$!
{
	archiveVersion = 1;
	classes = {
	};
	objectVersion = 50;
	objects = {

/* Begin PBXBuildFile section */
		AC7E7B6E11564F2D37EE97C2 /* Pods_Eventr.framework in Frameworks */ = {isa = PBXBuildFile; fileRef = F9EEADF749E45B9CCC24F958 /* Pods_Eventr.framework */; };
		C43CCB83215295D300BBC43A /* AppDelegate.swift in Sources */ = {isa = PBXBuildFile; fileRef = C43CCB82215295D300BBC43A /* AppDelegate.swift */; };
		C43CCB85215295D300BBC43A /* EventViewController.swift in Sources */ = {isa = PBXBuildFile; fileRef = C43CCB84215295D300BBC43A /* EventViewController.swift */; };
		C43CCB88215295D300BBC43A /* Main.storyboard in Resources */ = {isa = PBXBuildFile; fileRef = C43CCB86215295D300BBC43A /* Main.storyboard */; };
		C43CCB8A215295D400BBC43A /* Assets.xcassets in Resources */ = {isa = PBXBuildFile; fileRef = C43CCB89215295D400BBC43A /* Assets.xcassets */; };
		C43CCB8D215295D400BBC43A /* LaunchScreen.storyboard in Resources */ = {isa = PBXBuildFile; fileRef = C43CCB8B215295D400BBC43A /* LaunchScreen.storyboard */; };
		C43CCBA421529EC500BBC43A /* EventCell.swift in Sources */ = {isa = PBXBuildFile; fileRef = C43CCBA221529EC500BBC43A /* EventCell.swift */; };
		C43CCBA521529EC500BBC43A /* EventCell.xib in Resources */ = {isa = PBXBuildFile; fileRef = C43CCBA321529EC500BBC43A /* EventCell.xib */; };
		C45C26BF215CD16600363ACB /* ArchiveViewController.swift in Sources */ = {isa = PBXBuildFile; fileRef = C45C26BE215CD16600363ACB /* ArchiveViewController.swift */; };
		C45C26C1215CD92000363ACB /* Extensions.swift in Sources */ = {isa = PBXBuildFile; fileRef = C45C26C0215CD92000363ACB /* Extensions.swift */; };
		C4688AE621554787009326B2 /* CreateEventController.swift in Sources */ = {isa = PBXBuildFile; fileRef = C4688AE521554787009326B2 /* CreateEventController.swift */; };
		C4688AE82155C028009326B2 /* Utils.swift in Sources */ = {isa = PBXBuildFile; fileRef = C4688AE72155C028009326B2 /* Utils.swift */; };
		C480E3382156A23D00421BE4 /* CardView.swift in Sources */ = {isa = PBXBuildFile; fileRef = C480E3372156A23D00421BE4 /* CardView.swift */; };
		C480E33B21572BF000421BE4 /* LeftViewController.swift in Sources */ = {isa = PBXBuildFile; fileRef = C480E33A21572BF000421BE4 /* LeftViewController.swift */; };
		C480E33D21572D7400421BE4 /* ContainerViewController.swift in Sources */ = {isa = PBXBuildFile; fileRef = C480E33C21572D7400421BE4 /* ContainerViewController.swift */; };
		C49283662157388200131B74 /* EventNameTextField.swift in Sources */ = {isa = PBXBuildFile; fileRef = C49283652157388200131B74 /* EventNameTextField.swift */; };
		C49283682157608100131B74 /* CustomSearchBar.swift in Sources */ = {isa = PBXBuildFile; fileRef = C49283672157608100131B74 /* CustomSearchBar.swift */; };
		C4A284612154884500054E1B /* DBManager.swift in Sources */ = {isa = PBXBuildFile; fileRef = C4A284602154884500054E1B /* DBManager.swift */; };
		C4C9D308215381F800172322 /* Event.swift in Sources */ = {isa = PBXBuildFile; fileRef = C4C9D307215381F800172322 /* Event.swift */; };
/* End PBXBuildFile section */

/* Begin PBXFileReference section */
		601456745D71E2040970BAC2 /* Pods-Eventr.debug.xcconfig */ = {isa = PBXFileReference; includeInIndex = 1; lastKnownFileType = text.xcconfig; name = "Pods-Eventr.debug.xcconfig"; path = "Pods/Target Support Files/Pods-Eventr/Pods-Eventr.debug.xcconfig"; sourceTree = "<group>"; };
		C43CCB7F215295D300BBC43A /* Eventr.app */ = {isa = PBXFileReference; explicitFileType = wrapper.application; includeInIndex = 0; path = Eventr.app; sourceTree = BUILT_PRODUCTS_DIR; };
		C43CCB82215295D300BBC43A /* AppDelegate.swift */ = {isa = PBXFileReference; lastKnownFileType = sourcecode.swift; path = AppDelegate.swift; sourceTree = "<group>"; };
		C43CCB84215295D300BBC43A /* EventViewController.swift */ = {isa = PBXFileReference; lastKnownFileType = sourcecode.swift; path = EventViewController.swift; sourceTree = "<group>"; };
		C43CCB87215295D300BBC43A /* Base */ = {isa = PBXFileReference; lastKnownFileType = file.storyboard; name = Base; path = Base.lproj/Main.storyboard; sourceTree = "<group>"; };
		C43CCB89215295D400BBC43A /* Assets.xcassets */ = {isa = PBXFileReference; lastKnownFileType = folder.assetcatalog; path = Assets.xcassets; sourceTree = "<group>"; };
		C43CCB8C215295D400BBC43A /* Base */ = {isa = PBXFileReference; lastKnownFileType = file.storyboard; name = Base; path = Base.lproj/LaunchScreen.storyboard; sourceTree = "<group>"; };
		C43CCB8E215295D400BBC43A /* Info.plist */ = {isa = PBXFileReference; lastKnownFileType = text.plist.xml; path = Info.plist; sourceTree = "<group>"; };
		C43CCBA221529EC500BBC43A /* EventCell.swift */ = {isa = PBXFileReference; lastKnownFileType = sourcecode.swift; path = EventCell.swift; sourceTree = "<group>"; };
		C43CCBA321529EC500BBC43A /* EventCell.xib */ = {isa = PBXFileReference; lastKnownFileType = file.xib; path = EventCell.xib; sourceTree = "<group>"; };
		C45C26BE215CD16600363ACB /* ArchiveViewController.swift */ = {isa = PBXFileReference; lastKnownFileType = sourcecode.swift; path = ArchiveViewController.swift; sourceTree = "<group>"; };
		C45C26C0215CD92000363ACB /* Extensions.swift */ = {isa = PBXFileReference; lastKnownFileType = sourcecode.swift; path = Extensions.swift; sourceTree = "<group>"; };
		C4688AE521554787009326B2 /* CreateEventController.swift */ = {isa = PBXFileReference; lastKnownFileType = sourcecode.swift; path = CreateEventController.swift; sourceTree = "<group>"; };
		C4688AE72155C028009326B2 /* Utils.swift */ = {isa = PBXFileReference; lastKnownFileType = sourcecode.swift; path = Utils.swift; sourceTree = "<group>"; };
		C480E3372156A23D00421BE4 /* CardView.swift */ = {isa = PBXFileReference; lastKnownFileType = sourcecode.swift; path = CardView.swift; sourceTree = "<group>"; };
		C480E33A21572BF000421BE4 /* LeftViewController.swift */ = {isa = PBXFileReference; lastKnownFileType = sourcecode.swift; path = LeftViewController.swift; sourceTree = "<group>"; };
		C480E33C21572D7400421BE4 /* ContainerViewController.swift */ = {isa = PBXFileReference; lastKnownFileType = sourcecode.swift; path = ContainerViewController.swift; sourceTree = "<group>"; };
		C49283652157388200131B74 /* EventNameTextField.swift */ = {isa = PBXFileReference; lastKnownFileType = sourcecode.swift; path = EventNameTextField.swift; sourceTree = "<group>"; };
		C49283672157608100131B74 /* CustomSearchBar.swift */ = {isa = PBXFileReference; lastKnownFileType = sourcecode.swift; path = CustomSearchBar.swift; sourceTree = "<group>"; };
		C4A284602154884500054E1B /* DBManager.swift */ = {isa = PBXFileReference; lastKnownFileType = sourcecode.swift; path = DBManager.swift; sourceTree = "<group>"; };
		C4C9D307215381F800172322 /* Event.swift */ = {isa = PBXFileReference; lastKnownFileType = sourcecode.swift; path = Event.swift; sourceTree = "<group>"; };
		EF7DEB37C0C270CBE1D4E978 /* Pods-Eventr.release.xcconfig */ = {isa = PBXFileReference; includeInIndex = 1; lastKnownFileType = text.xcconfig; name = "Pods-Eventr.release.xcconfig"; path = "Pods/Target Support Files/Pods-Eventr/Pods-Eventr.release.xcconfig"; sourceTree = "<group>"; };
		F9EEADF749E45B9CCC24F958 /* Pods_Eventr.framework */ = {isa = PBXFileReference; explicitFileType = wrapper.framework; includeInIndex = 0; path = Pods_Eventr.framework; sourceTree = BUILT_PRODUCTS_DIR; };
/* End PBXFileReference section */

/* Begin PBXFrameworksBuildPhase section */
		C43CCB7C215295D300BBC43A /* Frameworks */ = {
			isa = PBXFrameworksBuildPhase;
			buildActionMask = 2147483647;
			files = (
				AC7E7B6E11564F2D37EE97C2 /* Pods_Eventr.framework in Frameworks */,
			);
			runOnlyForDeploymentPostprocessing = 0;
		};
/* End PBXFrameworksBuildPhase section */

/* Begin PBXGroup section */
		5363709F85D533B9C3AE5149 /* Pods */ = {
			isa = PBXGroup;
			children = (
				601456745D71E2040970BAC2 /* Pods-Eventr.debug.xcconfig */,
				EF7DEB37C0C270CBE1D4E978 /* Pods-Eventr.release.xcconfig */,
			);
			name = Pods;
			sourceTree = "<group>";
		};
		C43CCB76215295D300BBC43A = {
			isa = PBXGroup;
			children = (
				C43CCB81215295D300BBC43A /* Eventr */,
				C43CCB80215295D300BBC43A /* Products */,
				5363709F85D533B9C3AE5149 /* Pods */,
				CA425A13BBE8DABB24B23D62 /* Frameworks */,
			);
			sourceTree = "<group>";
		};
		C43CCB80215295D300BBC43A /* Products */ = {
			isa = PBXGroup;
			children = (
				C43CCB7F215295D300BBC43A /* Eventr.app */,
			);
			name = Products;
			sourceTree = "<group>";
		};
		C43CCB81215295D300BBC43A /* Eventr */ = {
			isa = PBXGroup;
			children = (
				C480E3392157249600421BE4 /* Designables */,
				C4A2846B2154A57A00054E1B /* Managers */,
				C4C9D306215381D200172322 /* Models */,
				C4C9D305215381CC00172322 /* Views */,
				C4C9D304215381C500172322 /* Controllers */,
				C43CCB89215295D400BBC43A /* Assets.xcassets */,
				C43CCB8E215295D400BBC43A /* Info.plist */,
			);
			path = Eventr;
			sourceTree = "<group>";
		};
		C480E3392157249600421BE4 /* Designables */ = {
			isa = PBXGroup;
			children = (
				C480E3372156A23D00421BE4 /* CardView.swift */,
				C49283652157388200131B74 /* EventNameTextField.swift */,
				C49283672157608100131B74 /* CustomSearchBar.swift */,
			);
			path = Designables;
			sourceTree = "<group>";
		};
		C4A2846B2154A57A00054E1B /* Managers */ = {
			isa = PBXGroup;
			children = (
				C4A284602154884500054E1B /* DBManager.swift */,
				C4688AE72155C028009326B2 /* Utils.swift */,
				C45C26C0215CD92000363ACB /* Extensions.swift */,
			);
			path = Managers;
			sourceTree = "<group>";
		};
		C4C9D304215381C500172322 /* Controllers */ = {
			isa = PBXGroup;
			children = (
				C43CCB82215295D300BBC43A /* AppDelegate.swift */,
				C480E33C21572D7400421BE4 /* ContainerViewController.swift */,
				C43CCB84215295D300BBC43A /* EventViewController.swift */,
				C45C26BE215CD16600363ACB /* ArchiveViewController.swift */,
				C4688AE521554787009326B2 /* CreateEventController.swift */,
				C480E33A21572BF000421BE4 /* LeftViewController.swift */,
				C43CCBA221529EC500BBC43A /* EventCell.swift */,
			);
			path = Controllers;
			sourceTree = "<group>";
		};
		C4C9D305215381CC00172322 /* Views */ = {
			isa = PBXGroup;
			children = (
				C43CCB86215295D300BBC43A /* Main.storyboard */,
				C43CCB8B215295D400BBC43A /* LaunchScreen.storyboard */,
				C43CCBA321529EC500BBC43A /* EventCell.xib */,
			);
			path = Views;
			sourceTree = "<group>";
		};
		C4C9D306215381D200172322 /* Models */ = {
			isa = PBXGroup;
			children = (
				C4C9D307215381F800172322 /* Event.swift */,
			);
			path = Models;
			sourceTree = "<group>";
		};
		CA425A13BBE8DABB24B23D62 /* Frameworks */ = {
			isa = PBXGroup;
			children = (
				F9EEADF749E45B9CCC24F958 /* Pods_Eventr.framework */,
			);
			name = Frameworks;
			sourceTree = "<group>";
		};
/* End PBXGroup section */

/* Begin PBXNativeTarget section */
		C43CCB7E215295D300BBC43A /* Eventr */ = {
			isa = PBXNativeTarget;
			buildConfigurationList = C43CCB91215295D400BBC43A /* Build configuration list for PBXNativeTarget "Eventr" */;
			buildPhases = (
				A6B9A1CF68D9C05BABFE379D /* [CP] Check Pods Manifest.lock */,
				C43CCB7B215295D300BBC43A /* Sources */,
				C43CCB7C215295D300BBC43A /* Frameworks */,
				C43CCB7D215295D300BBC43A /* Resources */,
				550830A4187F2E984DB12499 /* [CP] Embed Pods Frameworks */,
			);
			buildRules = (
			);
			dependencies = (
			);
			name = Eventr;
			productName = Eventr;
			productReference = C43CCB7F215295D300BBC43A /* Eventr.app */;
			productType = "com.apple.product-type.application";
		};
/* End PBXNativeTarget section */

/* Begin PBXProject section */
		C43CCB77215295D300BBC43A /* Project object */ = {
			isa = PBXProject;
			attributes = {
				LastSwiftUpdateCheck = 0940;
				LastUpgradeCheck = 0940;
				ORGANIZATIONNAME = Jerry;
				TargetAttributes = {
					C43CCB7E215295D300BBC43A = {
						CreatedOnToolsVersion = 9.4.1;
					};
				};
			};
			buildConfigurationList = C43CCB7A215295D300BBC43A /* Build configuration list for PBXProject "Eventr" */;
			compatibilityVersion = "Xcode 9.3";
			developmentRegion = en;
			hasScannedForEncodings = 0;
			knownRegions = (
				en,
				Base,
			);
			mainGroup = C43CCB76215295D300BBC43A;
			productRefGroup = C43CCB80215295D300BBC43A /* Products */;
			projectDirPath = "";
			projectRoot = "";
			targets = (
				C43CCB7E215295D300BBC43A /* Eventr */,
			);
		};
/* End PBXProject section */

/* Begin PBXResourcesBuildPhase section */
		C43CCB7D215295D300BBC43A /* Resources */ = {
			isa = PBXResourcesBuildPhase;
			buildActionMask = 2147483647;
			files = (
				C43CCB8D215295D400BBC43A /* LaunchScreen.storyboard in Resources */,
				C43CCBA521529EC500BBC43A /* EventCell.xib in Resources */,
				C43CCB8A215295D400BBC43A /* Assets.xcassets in Resources */,
				C43CCB88215295D300BBC43A /* Main.storyboard in Resources */,
			);
			runOnlyForDeploymentPostprocessing = 0;
		};
/* End PBXResourcesBuildPhase section */

/* Begin PBXShellScriptBuildPhase section */
		550830A4187F2E984DB12499 /* [CP] Embed Pods Frameworks */ = {
			isa = PBXShellScriptBuildPhase;
			buildActionMask = 2147483647;
			files = (
			);
			inputPaths = (
				"${SRCROOT}/Pods/Target Support Files/Pods-Eventr/Pods-Eventr-frameworks.sh",
				"${BUILT_PRODUCTS_DIR}/FMDB/FMDB.framework",
				"${BUILT_PRODUCTS_DIR}/SVProgressHUD/SVProgressHUD.framework",
				"${BUILT_PRODUCTS_DIR}/SlideMenuControllerSwift/SlideMenuControllerSwift.framework",
				"${BUILT_PRODUCTS_DIR}/SwipeCellKit/SwipeCellKit.framework",
			);
			name = "[CP] Embed Pods Frameworks";
			outputPaths = (
				"${TARGET_BUILD_DIR}/${FRAMEWORKS_FOLDER_PATH}/FMDB.framework",
				"${TARGET_BUILD_DIR}/${FRAMEWORKS_FOLDER_PATH}/SVProgressHUD.framework",
				"${TARGET_BUILD_DIR}/${FRAMEWORKS_FOLDER_PATH}/SlideMenuControllerSwift.framework",
				"${TARGET_BUILD_DIR}/${FRAMEWORKS_FOLDER_PATH}/SwipeCellKit.framework",
			);
			runOnlyForDeploymentPostprocessing = 0;
			shellPath = /bin/sh;
			shellScript = "\"${SRCROOT}/Pods/Target Support Files/Pods-Eventr/Pods-Eventr-frameworks.sh\"\n";
			showEnvVarsInLog = 0;
		};
		A6B9A1CF68D9C05BABFE379D /* [CP] Check Pods Manifest.lock */ = {
			isa = PBXShellScriptBuildPhase;
			buildActionMask = 2147483647;
			files = (
			);
			inputPaths = (
				"${PODS_PODFILE_DIR_PATH}/Podfile.lock",
				"${PODS_ROOT}/Manifest.lock",
			);
			name = "[CP] Check Pods Manifest.lock";
			outputPaths = (
				"$(DERIVED_FILE_DIR)/Pods-Eventr-checkManifestLockResult.txt",
			);
			runOnlyForDeploymentPostprocessing = 0;
			shellPath = /bin/sh;
			shellScript = "diff \"${PODS_PODFILE_DIR_PATH}/Podfile.lock\" \"${PODS_ROOT}/Manifest.lock\" > /dev/null\nif [ $? != 0 ] ; then\n    # print error to STDERR\n    echo \"error: The sandbox is not in sync with the Podfile.lock. Run 'pod install' or update your CocoaPods installation.\" >&2\n    exit 1\nfi\n# This output is used by Xcode 'outputs' to avoid re-running this script phase.\necho \"SUCCESS\" > \"${SCRIPT_OUTPUT_FILE_0}\"\n";
			showEnvVarsInLog = 0;
		};
/* End PBXShellScriptBuildPhase section */

/* Begin PBXSourcesBuildPhase section */
		C43CCB7B215295D300BBC43A /* Sources */ = {
			isa = PBXSourcesBuildPhase;
			buildActionMask = 2147483647;
			files = (
				C4C9D308215381F800172322 /* Event.swift in Sources */,
				C43CCB85215295D300BBC43A /* EventViewController.swift in Sources */,
				C45C26BF215CD16600363ACB /* ArchiveViewController.swift in Sources */,
				C49283682157608100131B74 /* CustomSearchBar.swift in Sources */,
				C480E33D21572D7400421BE4 /* ContainerViewController.swift in Sources */,
				C43CCB83215295D300BBC43A /* AppDelegate.swift in Sources */,
				C4688AE82155C028009326B2 /* Utils.swift in Sources */,
				C43CCBA421529EC500BBC43A /* EventCell.swift in Sources */,
				C4688AE621554787009326B2 /* CreateEventController.swift in Sources */,
				C480E33B21572BF000421BE4 /* LeftViewController.swift in Sources */,
				C49283662157388200131B74 /* EventNameTextField.swift in Sources */,
				C480E3382156A23D00421BE4 /* CardView.swift in Sources */,
				C4A284612154884500054E1B /* DBManager.swift in Sources */,
				C45C26C1215CD92000363ACB /* Extensions.swift in Sources */,
			);
			runOnlyForDeploymentPostprocessing = 0;
		};
/* End PBXSourcesBuildPhase section */

/* Begin PBXVariantGroup section */
		C43CCB86215295D300BBC43A /* Main.storyboard */ = {
			isa = PBXVariantGroup;
			children = (
				C43CCB87215295D300BBC43A /* Base */,
			);
			name = Main.storyboard;
			sourceTree = "<group>";
		};
		C43CCB8B215295D400BBC43A /* LaunchScreen.storyboard */ = {
			isa = PBXVariantGroup;
			children = (
				C43CCB8C215295D400BBC43A /* Base */,
			);
			name = LaunchScreen.storyboard;
			sourceTree = "<group>";
		};
/* End PBXVariantGroup section */

/* Begin XCBuildConfiguration section */
		C43CCB8F215295D400BBC43A /* Debug */ = {
			isa = XCBuildConfiguration;
			buildSettings = {
				ALWAYS_SEARCH_USER_PATHS = NO;
				CLANG_ANALYZER_NONNULL = YES;
				CLANG_ANALYZER_NUMBER_OBJECT_CONVERSION = YES_AGGRESSIVE;
				CLANG_CXX_LANGUAGE_STANDARD = "gnu++14";
				CLANG_CXX_LIBRARY = "libc++";
				CLANG_ENABLE_MODULES = YES;
				CLANG_ENABLE_OBJC_ARC = YES;
				CLANG_ENABLE_OBJC_WEAK = YES;
				CLANG_WARN_BLOCK_CAPTURE_AUTORELEASING = YES;
				CLANG_WARN_BOOL_CONVERSION = YES;
				CLANG_WARN_COMMA = YES;
				CLANG_WARN_CONSTANT_CONVERSION = YES;
				CLANG_WARN_DEPRECATED_OBJC_IMPLEMENTATIONS = YES;
				CLANG_WARN_DIRECT_OBJC_ISA_USAGE = YES_ERROR;
				CLANG_WARN_DOCUMENTATION_COMMENTS = YES;
				CLANG_WARN_EMPTY_BODY = YES;
				CLANG_WARN_ENUM_CONVERSION = YES;
				CLANG_WARN_INFINITE_RECURSION = YES;
				CLANG_WARN_INT_CONVERSION = YES;
				CLANG_WARN_NON_LITERAL_NULL_CONVERSION = YES;
				CLANG_WARN_OBJC_IMPLICIT_RETAIN_SELF = YES;
				CLANG_WARN_OBJC_LITERAL_CONVERSION = YES;
				CLANG_WARN_OBJC_ROOT_CLASS = YES_ERROR;
				CLANG_WARN_RANGE_LOOP_ANALYSIS = YES;
				CLANG_WARN_STRICT_PROTOTYPES = YES;
				CLANG_WARN_SUSPICIOUS_MOVE = YES;
				CLANG_WARN_UNGUARDED_AVAILABILITY = YES_AGGRESSIVE;
				CLANG_WARN_UNREACHABLE_CODE = YES;
				CLANG_WARN__DUPLICATE_METHOD_MATCH = YES;
				CODE_SIGN_IDENTITY = "iPhone Developer";
				COPY_PHASE_STRIP = NO;
				DEBUG_INFORMATION_FORMAT = dwarf;
				ENABLE_STRICT_OBJC_MSGSEND = YES;
				ENABLE_TESTABILITY = YES;
				GCC_C_LANGUAGE_STANDARD = gnu11;
				GCC_DYNAMIC_NO_PIC = NO;
				GCC_NO_COMMON_BLOCKS = YES;
				GCC_OPTIMIZATION_LEVEL = 0;
				GCC_PREPROCESSOR_DEFINITIONS = (
					"DEBUG=1",
					"$(inherited)",
				);
				GCC_WARN_64_TO_32_BIT_CONVERSION = YES;
				GCC_WARN_ABOUT_RETURN_TYPE = YES_ERROR;
				GCC_WARN_UNDECLARED_SELECTOR = YES;
				GCC_WARN_UNINITIALIZED_AUTOS = YES_AGGRESSIVE;
				GCC_WARN_UNUSED_FUNCTION = YES;
				GCC_WARN_UNUSED_VARIABLE = YES;
				IPHONEOS_DEPLOYMENT_TARGET = 11.4;
				MTL_ENABLE_DEBUG_INFO = YES;
				ONLY_ACTIVE_ARCH = YES;
				SDKROOT = iphoneos;
				SWIFT_ACTIVE_COMPILATION_CONDITIONS = DEBUG;
				SWIFT_OPTIMIZATION_LEVEL = "-Onone";
			};
			name = Debug;
		};
		C43CCB90215295D400BBC43A /* Release */ = {
			isa = XCBuildConfiguration;
			buildSettings = {
				ALWAYS_SEARCH_USER_PATHS = NO;
				CLANG_ANALYZER_NONNULL = YES;
				CLANG_ANALYZER_NUMBER_OBJECT_CONVERSION = YES_AGGRESSIVE;
				CLANG_CXX_LANGUAGE_STANDARD = "gnu++14";
				CLANG_CXX_LIBRARY = "libc++";
				CLANG_ENABLE_MODULES = YES;
				CLANG_ENABLE_OBJC_ARC = YES;
				CLANG_ENABLE_OBJC_WEAK = YES;
				CLANG_WARN_BLOCK_CAPTURE_AUTORELEASING = YES;
				CLANG_WARN_BOOL_CONVERSION = YES;
				CLANG_WARN_COMMA = YES;
				CLANG_WARN_CONSTANT_CONVERSION = YES;
				CLANG_WARN_DEPRECATED_OBJC_IMPLEMENTATIONS = YES;
				CLANG_WARN_DIRECT_OBJC_ISA_USAGE = YES_ERROR;
				CLANG_WARN_DOCUMENTATION_COMMENTS = YES;
				CLANG_WARN_EMPTY_BODY = YES;
				CLANG_WARN_ENUM_CONVERSION = YES;
				CLANG_WARN_INFINITE_RECURSION = YES;
				CLANG_WARN_INT_CONVERSION = YES;
				CLANG_WARN_NON_LITERAL_NULL_CONVERSION = YES;
				CLANG_WARN_OBJC_IMPLICIT_RETAIN_SELF = YES;
				CLANG_WARN_OBJC_LITERAL_CONVERSION = YES;
				CLANG_WARN_OBJC_ROOT_CLASS = YES_ERROR;
				CLANG_WARN_RANGE_LOOP_ANALYSIS = YES;
				CLANG_WARN_STRICT_PROTOTYPES = YES;
				CLANG_WARN_SUSPICIOUS_MOVE = YES;
				CLANG_WARN_UNGUARDED_AVAILABILITY = YES_AGGRESSIVE;
				CLANG_WARN_UNREACHABLE_CODE = YES;
				CLANG_WARN__DUPLICATE_METHOD_MATCH = YES;
				CODE_SIGN_IDENTITY = "iPhone Developer";
				COPY_PHASE_STRIP = NO;
				DEBUG_INFORMATION_FORMAT = "dwarf-with-dsym";
				ENABLE_NS_ASSERTIONS = NO;
				ENABLE_STRICT_OBJC_MSGSEND = YES;
				GCC_C_LANGUAGE_STANDARD = gnu11;
				GCC_NO_COMMON_BLOCKS = YES;
				GCC_WARN_64_TO_32_BIT_CONVERSION = YES;
				GCC_WARN_ABOUT_RETURN_TYPE = YES_ERROR;
				GCC_WARN_UNDECLARED_SELECTOR = YES;
				GCC_WARN_UNINITIALIZED_AUTOS = YES_AGGRESSIVE;
				GCC_WARN_UNUSED_FUNCTION = YES;
				GCC_WARN_UNUSED_VARIABLE = YES;
				IPHONEOS_DEPLOYMENT_TARGET = 11.4;
				MTL_ENABLE_DEBUG_INFO = NO;
				SDKROOT = iphoneos;
				SWIFT_COMPILATION_MODE = wholemodule;
				SWIFT_OPTIMIZATION_LEVEL = "-O";
				VALIDATE_PRODUCT = YES;
			};
			name = Release;
		};
		C43CCB92215295D400BBC43A /* Debug */ = {
			isa = XCBuildConfiguration;
			baseConfigurationReference = 601456745D71E2040970BAC2 /* Pods-Eventr.debug.xcconfig */;
			buildSettings = {
				ASSETCATALOG_COMPILER_APPICON_NAME = AppIcon;
				CODE_SIGN_STYLE = Automatic;
				DEVELOPMENT_TEAM = 7EG3B8UT5R;
				INFOPLIST_FILE = Eventr/Info.plist;
				IPHONEOS_DEPLOYMENT_TARGET = 10.0;
				LD_RUNPATH_SEARCH_PATHS = (
					"$(inherited)",
					"@executable_path/Frameworks",
				);
				PRODUCT_BUNDLE_IDENTIFIER = com.jerry.Eventr;
				PRODUCT_NAME = "$(TARGET_NAME)";
				SWIFT_OBJC_BRIDGING_HEADER = "";
				SWIFT_VERSION = 4.0;
				TARGETED_DEVICE_FAMILY = 1;
			};
			name = Debug;
		};
		C43CCB93215295D400BBC43A /* Release */ = {
			isa = XCBuildConfiguration;
			baseConfigurationReference = EF7DEB37C0C270CBE1D4E978 /* Pods-Eventr.release.xcconfig */;
			buildSettings = {
				ASSETCATALOG_COMPILER_APPICON_NAME = AppIcon;
				CODE_SIGN_STYLE = Automatic;
				DEVELOPMENT_TEAM = 7EG3B8UT5R;
				INFOPLIST_FILE = Eventr/Info.plist;
				IPHONEOS_DEPLOYMENT_TARGET = 10.0;
				LD_RUNPATH_SEARCH_PATHS = (
					"$(inherited)",
					"@executable_path/Frameworks",
				);
				PRODUCT_BUNDLE_IDENTIFIER = com.jerry.Eventr;
				PRODUCT_NAME = "$(TARGET_NAME)";
				SWIFT_OBJC_BRIDGING_HEADER = "";
				SWIFT_VERSION = 4.0;
				TARGETED_DEVICE_FAMILY = 1;
			};
			name = Release;
		};
/* End XCBuildConfiguration section */

/* Begin XCConfigurationList section */
		C43CCB7A215295D300BBC43A /* Build configuration list for PBXProject "Eventr" */ = {
			isa = XCConfigurationList;
			buildConfigurations = (
				C43CCB8F215295D400BBC43A /* Debug */,
				C43CCB90215295D400BBC43A /* Release */,
			);
			defaultConfigurationIsVisible = 0;
			defaultConfigurationName = Release;
		};
		C43CCB91215295D400BBC43A /* Build configuration list for PBXNativeTarget "Eventr" */ = {
			isa = XCConfigurationList;
			buildConfigurations = (
				C43CCB92215295D400BBC43A /* Debug */,
				C43CCB93215295D400BBC43A /* Release */,
			);
			defaultConfigurationIsVisible = 0;
			defaultConfigurationName = Release;
		};
/* End XCConfigurationList section */
	};
	rootObject = C43CCB77215295D300BBC43A /* Project object */;
}
